
Microsoft Visual Studio Solution File, Format Version 12.00
# Visual Studio Version 17
VisualStudioVersion = 17.13.35806.99
MinimumVisualStudioVersion = 10.0.40219.1
Project("{2150E333-8FDC-42A3-9474-1A3956D46DE8}") = "Configuration", "Configuration", "{36D591C7-65C7-A0D1-1CBC-10CDE441BDC8}"
EndProject
Project("{FAE04EC0-301F-11D3-BF4B-00C04F79EFBC}") = "OPCLibrary", "OPCLibrary\OPCLibrary.csproj", "{F7A725DD-1AC9-4522-B8C1-F91EAF33F0C7}"
EndProject
Project("{FAE04EC0-301F-11D3-BF4B-00C04F79EFBC}") = "OPCLibraryTests", "OPCLibraryTests\OPCLibraryTests.csproj", "{5570D971-3A6D-4D7E-82BE-D24F0F4A1027}"
EndProject
Global
	GlobalSection(SolutionConfigurationPlatforms) = preSolution
		Debug|Any CPU = Debug|Any CPU
		Release|Any CPU = Release|Any CPU
	EndGlobalSection
	GlobalSection(ProjectConfigurationPlatforms) = postSolution
		{F7A725DD-1AC9-4522-B8C1-F91EAF33F0C7}.Debug|Any CPU.ActiveCfg = Debug|Any CPU
		{F7A725DD-1AC9-4522-B8C1-F91EAF33F0C7}.Debug|Any CPU.Build.0 = Debug|Any CPU
		{F7A725DD-1AC9-4522-B8C1-F91EAF33F0C7}.Release|Any CPU.ActiveCfg = Release|Any CPU
		{F7A725DD-1AC9-4522-B8C1-F91EAF33F0C7}.Release|Any CPU.Build.0 = Release|Any CPU
		{5570D971-3A6D-4D7E-82BE-D24F0F4A1027}.Debug|Any CPU.ActiveCfg = Debug|Any CPU
		{5570D971-3A6D-4D7E-82BE-D24F0F4A1027}.Debug|Any CPU.Build.0 = Debug|Any CPU
		{5570D971-3A6D-4D7E-82BE-D24F0F4A1027}.Release|Any CPU.ActiveCfg = Release|Any CPU
		{5570D971-3A6D-4D7E-82BE-D24F0F4A1027}.Release|Any CPU.Build.0 = Release|Any CPU
	EndGlobalSection
	GlobalSection(SolutionProperties) = preSolution
		HideSolutionNode = FALSE
	EndGlobalSection
	GlobalSection(ExtensibilityGlobals) = postSolution
		SolutionGuid = {6A4B564C-4256-4060-BBDF-CAE073D4FD33}
	EndGlobalSection
EndGlobal
