
Microsoft Visual Studio Solution File, Format Version 12.00
# Visual Studio Version 17
VisualStudioVersion = 17.8.34330.188
MinimumVisualStudioVersion = 10.0.40219.1
Project("{FAE04EC0-301F-11D3-BF4B-00C04F79EFBC}") = "OPC_ua_modules", "OPC_ua_modules\OPC_ua_modules.csproj", "{D2C50243-1002-4EA7-9473-2524E5D71D6C}"
EndProject
Global
	GlobalSection(SolutionConfigurationPlatforms) = preSolution
		Debug|Any CPU = Debug|Any CPU
		Release|Any CPU = Release|Any CPU
	EndGlobalSection
	GlobalSection(ProjectConfigurationPlatforms) = postSolution
		{D2C50243-1002-4EA7-9473-2524E5D71D6C}.Debug|Any CPU.ActiveCfg = Debug|Any CPU
		{D2C50243-1002-4EA7-9473-2524E5D71D6C}.Debug|Any CPU.Build.0 = Debug|Any CPU
		{D2C50243-1002-4EA7-9473-2524E5D71D6C}.Release|Any CPU.ActiveCfg = Release|Any CPU
		{D2C50243-1002-4EA7-9473-2524E5D71D6C}.Release|Any CPU.Build.0 = Release|Any CPU
	EndGlobalSection
	GlobalSection(SolutionProperties) = preSolution
		HideSolutionNode = FALSE
	EndGlobalSection
	GlobalSection(ExtensibilityGlobals) = postSolution
		SolutionGuid = {BC5D1035-5BCD-4F32-B1E8-9D2688BC0B54}
	EndGlobalSection
EndGlobal
